
Microsoft Visual Studio Solution File, Format Version 12.00
# Visual Studio Version 17
VisualStudioVersion = 17.11.35327.3
MinimumVisualStudioVersion = 10.0.40219.1
Project("{9A19103F-16F7-4668-BE54-9A1E7A4F7556}") = "CrowdConsensus_API", "CrowdConsensus_API\CrowdConsensus_API.csproj", "{FF813DCF-079D-48DE-9526-4EAEA87B26C0}"
EndProject
Project("{2150E333-8FDC-42A3-9474-1A3956D46DE8}") = "CC_Api", "CC_Api", "{AACAA904-657F-4F42-87D9-8F2DEA7133D7}"
EndProject
Project("{2150E333-8FDC-42A3-9474-1A3956D46DE8}") = "CC_Domain", "CC_Domain", "{88A24D13-72B5-4F31-ADC9-C4FF93579802}"
EndProject
Project("{2150E333-8FDC-42A3-9474-1A3956D46DE8}") = "CC_Infrastructure", "CC_Infrastructure", "{3D436807-8BC9-4B25-B0AC-0C6ACA13A223}"
EndProject
Project("{9A19103F-16F7-4668-BE54-9A1E7A4F7556}") = "Domain", "CC_Domain\Domain.csproj", "{57268A34-DBDF-4D3F-80B6-2848A1F59ED4}"
EndProject
Project("{9A19103F-16F7-4668-BE54-9A1E7A4F7556}") = "Infrastructure", "CC_Infrastructure\Infrastructure.csproj", "{830335F2-993E-4ABA-8181-072906CECC64}"
EndProject
Project("{2150E333-8FDC-42A3-9474-1A3956D46DE8}") = "CC_Application", "CC_Application", "{5919AEB6-7557-48D3-BE26-644E389B3452}"
EndProject
Project("{FAE04EC0-301F-11D3-BF4B-00C04F79EFBC}") = "Application", "CC_Application\Application.csproj", "{FA3D7DEB-D46F-4876-A7AF-2F33AF0AA9A8}"
EndProject
Global
	GlobalSection(SolutionConfigurationPlatforms) = preSolution
		Debug|Any CPU = Debug|Any CPU
		Release|Any CPU = Release|Any CPU
	EndGlobalSection
	GlobalSection(ProjectConfigurationPlatforms) = postSolution
		{FF813DCF-079D-48DE-9526-4EAEA87B26C0}.Debug|Any CPU.ActiveCfg = Debug|Any CPU
		{FF813DCF-079D-48DE-9526-4EAEA87B26C0}.Debug|Any CPU.Build.0 = Debug|Any CPU
		{FF813DCF-079D-48DE-9526-4EAEA87B26C0}.Release|Any CPU.ActiveCfg = Release|Any CPU
		{FF813DCF-079D-48DE-9526-4EAEA87B26C0}.Release|Any CPU.Build.0 = Release|Any CPU
		{57268A34-DBDF-4D3F-80B6-2848A1F59ED4}.Debug|Any CPU.ActiveCfg = Debug|Any CPU
		{57268A34-DBDF-4D3F-80B6-2848A1F59ED4}.Debug|Any CPU.Build.0 = Debug|Any CPU
		{57268A34-DBDF-4D3F-80B6-2848A1F59ED4}.Release|Any CPU.ActiveCfg = Release|Any CPU
		{57268A34-DBDF-4D3F-80B6-2848A1F59ED4}.Release|Any CPU.Build.0 = Release|Any CPU
		{830335F2-993E-4ABA-8181-072906CECC64}.Debug|Any CPU.ActiveCfg = Debug|Any CPU
		{830335F2-993E-4ABA-8181-072906CECC64}.Debug|Any CPU.Build.0 = Debug|Any CPU
		{830335F2-993E-4ABA-8181-072906CECC64}.Release|Any CPU.ActiveCfg = Release|Any CPU
		{830335F2-993E-4ABA-8181-072906CECC64}.Release|Any CPU.Build.0 = Release|Any CPU
		{FA3D7DEB-D46F-4876-A7AF-2F33AF0AA9A8}.Debug|Any CPU.ActiveCfg = Debug|Any CPU
		{FA3D7DEB-D46F-4876-A7AF-2F33AF0AA9A8}.Debug|Any CPU.Build.0 = Debug|Any CPU
		{FA3D7DEB-D46F-4876-A7AF-2F33AF0AA9A8}.Release|Any CPU.ActiveCfg = Release|Any CPU
		{FA3D7DEB-D46F-4876-A7AF-2F33AF0AA9A8}.Release|Any CPU.Build.0 = Release|Any CPU
	EndGlobalSection
	GlobalSection(SolutionProperties) = preSolution
		HideSolutionNode = FALSE
	EndGlobalSection
	GlobalSection(NestedProjects) = preSolution
		{FF813DCF-079D-48DE-9526-4EAEA87B26C0} = {AACAA904-657F-4F42-87D9-8F2DEA7133D7}
		{57268A34-DBDF-4D3F-80B6-2848A1F59ED4} = {88A24D13-72B5-4F31-ADC9-C4FF93579802}
		{830335F2-993E-4ABA-8181-072906CECC64} = {3D436807-8BC9-4B25-B0AC-0C6ACA13A223}
		{FA3D7DEB-D46F-4876-A7AF-2F33AF0AA9A8} = {5919AEB6-7557-48D3-BE26-644E389B3452}
	EndGlobalSection
	GlobalSection(ExtensibilityGlobals) = postSolution
		SolutionGuid = {49B5F5B6-817B-4118-9141-E02EA7DDDB2A}
	EndGlobalSection
EndGlobal
